dependencies:
- name: mysql
  repository: file://../mysql
  version: 0.1.0
- name: backend
  repository: file://../backend
  version: 0.1.0
- name: frontend
  repository: file://../frontend
  version: 0.1.0
digest: sha256:d54fd365f7776cc7da4e27fca9be85287679122c97a1cf3d19f06e564714f1eb
generated: "2024-07-25T22:21:17.4019908+07:00"
